
Microsoft Visual Studio Solution File, Format Version 12.00
# Visual Studio Version 18
VisualStudioVersion = 18.5.11723.231
MinimumVisualStudioVersion = 10.0.40219.1
Project("{FAE04EC0-301F-11D3-BF4B-00C04F79EFBC}") = "NimbusChat", "NimbusChat.csproj", "{CF35879C-79C3-478D-8214-4BCE4944B47F}"
EndProject
Project("{FAE04EC0-301F-11D3-BF4B-00C04F79EFBC}") = "nimbus-chat.Api", "nimbus-chat.Api\nimbus-chat.Api.csproj", "{46FF3A3B-382E-4BF6-88BA-3A97F3AFD485}"
EndProject
Project("{FAE04EC0-301F-11D3-BF4B-00C04F79EFBC}") = "nimbus-chat.Tests", "nimbus-chat.Tests\nimbus-chat.Tests.csproj", "{1AF8D4F1-6519-4DD7-9290-94A1D99987CC}"
EndProject
Global
	GlobalSection(SolutionConfigurationPlatforms) = preSolution
		Debug|Any CPU = Debug|Any CPU
		Debug|x64 = Debug|x64
		Debug|x86 = Debug|x86
		Release|Any CPU = Release|Any CPU
		Release|x64 = Release|x64
		Release|x86 = Release|x86
	EndGlobalSection
	GlobalSection(ProjectConfigurationPlatforms) = postSolution
		{CF35879C-79C3-478D-8214-4BCE4944B47F}.Debug|Any CPU.ActiveCfg = Debug|Any CPU
		{CF35879C-79C3-478D-8214-4BCE4944B47F}.Debug|Any CPU.Build.0 = Debug|Any CPU
		{CF35879C-79C3-478D-8214-4BCE4944B47F}.Debug|x64.ActiveCfg = Debug|x64
		{CF35879C-79C3-478D-8214-4BCE4944B47F}.Debug|x64.Build.0 = Debug|x64
		{CF35879C-79C3-478D-8214-4BCE4944B47F}.Debug|x86.ActiveCfg = Debug|x86
		{CF35879C-79C3-478D-8214-4BCE4944B47F}.Debug|x86.Build.0 = Debug|x86
		{CF35879C-79C3-478D-8214-4BCE4944B47F}.Release|Any CPU.ActiveCfg = Release|Any CPU
		{CF35879C-79C3-478D-8214-4BCE4944B47F}.Release|Any CPU.Build.0 = Release|Any CPU
		{CF35879C-79C3-478D-8214-4BCE4944B47F}.Release|x64.ActiveCfg = Release|x64
		{CF35879C-79C3-478D-8214-4BCE4944B47F}.Release|x64.Build.0 = Release|x64
		{CF35879C-79C3-478D-8214-4BCE4944B47F}.Release|x86.ActiveCfg = Release|x86
		{CF35879C-79C3-478D-8214-4BCE4944B47F}.Release|x86.Build.0 = Release|x86
		{46FF3A3B-382E-4BF6-88BA-3A97F3AFD485}.Debug|Any CPU.ActiveCfg = Debug|Any CPU
		{46FF3A3B-382E-4BF6-88BA-3A97F3AFD485}.Debug|Any CPU.Build.0 = Debug|Any CPU
		{46FF3A3B-382E-4BF6-88BA-3A97F3AFD485}.Debug|x64.ActiveCfg = Debug|Any CPU
		{46FF3A3B-382E-4BF6-88BA-3A97F3AFD485}.Debug|x64.Build.0 = Debug|Any CPU
		{46FF3A3B-382E-4BF6-88BA-3A97F3AFD485}.Debug|x86.ActiveCfg = Debug|Any CPU
		{46FF3A3B-382E-4BF6-88BA-3A97F3AFD485}.Debug|x86.Build.0 = Debug|Any CPU
		{46FF3A3B-382E-4BF6-88BA-3A97F3AFD485}.Release|Any CPU.ActiveCfg = Release|Any CPU
		{46FF3A3B-382E-4BF6-88BA-3A97F3AFD485}.Release|Any CPU.Build.0 = Release|Any CPU
		{46FF3A3B-382E-4BF6-88BA-3A97F3AFD485}.Release|x64.ActiveCfg = Release|Any CPU
		{46FF3A3B-382E-4BF6-88BA-3A97F3AFD485}.Release|x64.Build.0 = Release|Any CPU
		{46FF3A3B-382E-4BF6-88BA-3A97F3AFD485}.Release|x86.ActiveCfg = Release|Any CPU
		{46FF3A3B-382E-4BF6-88BA-3A97F3AFD485}.Release|x86.Build.0 = Release|Any CPU
		{1AF8D4F1-6519-4DD7-9290-94A1D99987CC}.Debug|Any CPU.ActiveCfg = Debug|Any CPU
		{1AF8D4F1-6519-4DD7-9290-94A1D99987CC}.Debug|Any CPU.Build.0 = Debug|Any CPU
		{1AF8D4F1-6519-4DD7-9290-94A1D99987CC}.Debug|x64.ActiveCfg = Debug|Any CPU
		{1AF8D4F1-6519-4DD7-9290-94A1D99987CC}.Debug|x64.Build.0 = Debug|Any CPU
		{1AF8D4F1-6519-4DD7-9290-94A1D99987CC}.Debug|x86.ActiveCfg = Debug|Any CPU
		{1AF8D4F1-6519-4DD7-9290-94A1D99987CC}.Debug|x86.Build.0 = Debug|Any CPU
		{1AF8D4F1-6519-4DD7-9290-94A1D99987CC}.Release|Any CPU.ActiveCfg = Release|Any CPU
		{1AF8D4F1-6519-4DD7-9290-94A1D99987CC}.Release|Any CPU.Build.0 = Release|Any CPU
		{1AF8D4F1-6519-4DD7-9290-94A1D99987CC}.Release|x64.ActiveCfg = Release|Any CPU
		{1AF8D4F1-6519-4DD7-9290-94A1D99987CC}.Release|x64.Build.0 = Release|Any CPU
		{1AF8D4F1-6519-4DD7-9290-94A1D99987CC}.Release|x86.ActiveCfg = Release|Any CPU
		{1AF8D4F1-6519-4DD7-9290-94A1D99987CC}.Release|x86.Build.0 = Release|Any CPU
	EndGlobalSection
	GlobalSection(SolutionProperties) = preSolution
		HideSolutionNode = FALSE
	EndGlobalSection
	GlobalSection(ExtensibilityGlobals) = postSolution
		SolutionGuid = {261D6CF7-2681-412B-ADC9-558AB07F58CC}
	EndGlobalSection
EndGlobal
